PODS:
  - CocoaAsyncSocket (7.4.2)
  - flok (0.1.1)

DEPENDENCIES:
  - CocoaAsyncSocket
  - flok (from `../`)

EXTERNAL SOURCES:
  flok:
    :path: "../"

SPEC CHECKSUMS:
  CocoaAsyncSocket: f5783bdedd232d91b89769bc4b5a1580aed518ad
  flok: 1ae356201e21050eb398f252a172f0c2bd1236fd

COCOAPODS: 0.39.0
