PODS:
  - Alamofire (3.1.4)
  - flok (0.1.1):
    - Alamofire (~> 3.0)
    - Socket.IO-Client-Swift (~> 4.1)
  - Socket.IO-Client-Swift (4.1.5)

DEPENDENCIES:
  - flok (from `../`)

EXTERNAL SOURCES:
  flok:
    :path: "../"

SPEC CHECKSUMS:
  Alamofire: fbc829692f351fa1d8a31dd75fd7f7f56fea31fb
  flok: 4424cf96ca46e4489a5905bb27b143aef1c9d0d4
  Socket.IO-Client-Swift: 18ba96af2ae0dd3e7311036e86bf09805643d472

COCOAPODS: 0.39.0
