PODS:
  - Alamofire (3.1.4)
  - CocoaAsyncSocket (7.4.2)
  - flok (0.1.1):
    - Alamofire (~> 3.0)
    - CocoaAsyncSocket (~> 7.4)
    - Socket.IO-Client-Swift (~> 4.1)
  - Socket.IO-Client-Swift (4.1.4)

DEPENDENCIES:
  - flok (from `../`)

EXTERNAL SOURCES:
  flok:
    :path: "../"

SPEC CHECKSUMS:
  Alamofire: fbc829692f351fa1d8a31dd75fd7f7f56fea31fb
  CocoaAsyncSocket: f5783bdedd232d91b89769bc4b5a1580aed518ad
  flok: c7a8c386f3e39f87d987f53db6fb4992b09467ba
  Socket.IO-Client-Swift: 1ac3925cc62a83e1b981b81692203a7405d6ca3c

COCOAPODS: 0.39.0
